{
  "requires": true,
  "lockfileVersion": 1,
  "dependencies": {
    "@types/faker": {
      "version": "4.1.11",
      "resolved": "https://registry.npmjs.org/@types/faker/-/faker-4.1.11.tgz",
      "integrity": "sha512-iL7khABWgMH53FDfQNYtbFDJXjM3G97KswtyVMUP9XBSt9c+33L1TsXI+mx+EgnoOcuSp12qZae6hLCxGcq7yg=="
    },
    "@types/geojson": {
      "version": "7946.0.7",
      "resolved": "https://registry.npmjs.org/@types/geojson/-/geojson-7946.0.7.tgz",
      "integrity": "sha512-wE2v81i4C4Ol09RtsWFAqg3BUitWbHSpSlIo+bNdsCJijO9sjme+zm+73ZMCa/qMC8UEERxzGbvmr1cffo2SiQ=="
    },
    "@types/googlemaps": {
      "version": "3.39.3",
      "resolved": "https://registry.npmjs.org/@types/googlemaps/-/googlemaps-3.39.3.tgz",
      "integrity": "sha512-L8O9HAVFZj0TuiS8h5ORthiMsrrhjxTC8XUusp5k47oXCst4VTm+qWKvrAvmYMybZVokbp4Udco1mNwJrTNZPQ=="
    },
    "@types/leaflet": {
      "version": "1.5.12",
      "resolved": "https://registry.npmjs.org/@types/leaflet/-/leaflet-1.5.12.tgz",
      "integrity": "sha512-61HRMIng+bWvnnAIqUWLBlrd/TQZc4gU+gN1JL4K47EDtwIrcMEhWgi7PdcpbG1YmpH4F0EfOimkvV82gJIl9w==",
      "requires": {
        "@types/geojson": "*"
      }
    },
    "faker": {
      "version": "4.1.0",
      "resolved": "https://registry.npmjs.org/faker/-/faker-4.1.0.tgz",
      "integrity": "sha1-HkW7vsxndLPBlfrSg1EJxtdIzD8="
    },
    "typescript": {
      "version": "3.8.3",
      "resolved": "https://registry.npmjs.org/typescript/-/typescript-3.8.3.tgz",
      "integrity": "sha512-MYlEfn5VrLNsgudQTVJeNaQFUAI7DkhnOjdpAp4T+ku1TfQClewlbSuTVHiA+8skNBgaf02TL/kLOvig4y3G8w==",
      "dev": true
    }
  }
}
